
Microsoft Visual Studio Solution File, Format Version 12.00
# Visual Studio Version 17
VisualStudioVersion = 17.5.33516.290
MinimumVisualStudioVersion = 10.0.40219.1
Project("{FAE04EC0-301F-11D3-BF4B-00C04F79EFBC}") = "Scrap Mechanic Mod Helper", "Scrap Mechanic Mod Helper\Scrap Mechanic Mod Helper.csproj", "{EC5B95A2-F467-40DE-A585-D47C5225E2D8}"
EndProject
Project("{FAE04EC0-301F-11D3-BF4B-00C04F79EFBC}") = "Test", "Test\Test.csproj", "{5F6E0908-CA45-4D29-8482-F222C7D8C69A}"
EndProject
Global
	GlobalSection(SolutionConfigurationPlatforms) = preSolution
		Debug|Any CPU = Debug|Any CPU
		Release|Any CPU = Release|Any CPU
	EndGlobalSection
	GlobalSection(ProjectConfigurationPlatforms) = postSolution
		{EC5B95A2-F467-40DE-A585-D47C5225E2D8}.Debug|Any CPU.ActiveCfg = Debug|Any CPU
		{EC5B95A2-F467-40DE-A585-D47C5225E2D8}.Debug|Any CPU.Build.0 = Debug|Any CPU
		{EC5B95A2-F467-40DE-A585-D47C5225E2D8}.Release|Any CPU.ActiveCfg = Release|Any CPU
		{EC5B95A2-F467-40DE-A585-D47C5225E2D8}.Release|Any CPU.Build.0 = Release|Any CPU
		{5F6E0908-CA45-4D29-8482-F222C7D8C69A}.Debug|Any CPU.ActiveCfg = Debug|Any CPU
		{5F6E0908-CA45-4D29-8482-F222C7D8C69A}.Debug|Any CPU.Build.0 = Debug|Any CPU
		{5F6E0908-CA45-4D29-8482-F222C7D8C69A}.Release|Any CPU.ActiveCfg = Release|Any CPU
		{5F6E0908-CA45-4D29-8482-F222C7D8C69A}.Release|Any CPU.Build.0 = Release|Any CPU
	EndGlobalSection
	GlobalSection(SolutionProperties) = preSolution
		HideSolutionNode = FALSE
	EndGlobalSection
	GlobalSection(ExtensibilityGlobals) = postSolution
		SolutionGuid = {4E95F943-4841-41FB-9357-193C7BC6CAFB}
	EndGlobalSection
EndGlobal
